
Microsoft Visual Studio Solution File, Format Version 12.00
# Visual Studio Version 17
VisualStudioVersion = 17.2.32526.322
MinimumVisualStudioVersion = 10.0.40219.1
Project("{9A19103F-16F7-4668-BE54-9A1E7A4F7556}") = "WebApi", "WebApi.csproj", "{C8F947B0-CDB3-4F8D-9CBC-C184AF475ADD}"
EndProject
Project("{E53339B2-1760-4266-BCC7-CA923CBCF16C}") = "docker-compose", "docker-compose.dcproj", "{F8D24136-38D0-452E-8CDF-848F74934A27}"
EndProject
Global
	GlobalSection(SolutionConfigurationPlatforms) = preSolution
		Debug|Any CPU = Debug|Any CPU
		Release|Any CPU = Release|Any CPU
	EndGlobalSection
	GlobalSection(ProjectConfigurationPlatforms) = postSolution
		{C8F947B0-CDB3-4F8D-9CBC-C184AF475ADD}.Debug|Any CPU.ActiveCfg = Debug|Any CPU
		{C8F947B0-CDB3-4F8D-9CBC-C184AF475ADD}.Debug|Any CPU.Build.0 = Debug|Any CPU
		{C8F947B0-CDB3-4F8D-9CBC-C184AF475ADD}.Release|Any CPU.ActiveCfg = Release|Any CPU
		{C8F947B0-CDB3-4F8D-9CBC-C184AF475ADD}.Release|Any CPU.Build.0 = Release|Any CPU
		{F8D24136-38D0-452E-8CDF-848F74934A27}.Debug|Any CPU.ActiveCfg = Debug|Any CPU
		{F8D24136-38D0-452E-8CDF-848F74934A27}.Debug|Any CPU.Build.0 = Debug|Any CPU
		{F8D24136-38D0-452E-8CDF-848F74934A27}.Release|Any CPU.ActiveCfg = Release|Any CPU
		{F8D24136-38D0-452E-8CDF-848F74934A27}.Release|Any CPU.Build.0 = Release|Any CPU
	EndGlobalSection
	GlobalSection(SolutionProperties) = preSolution
		HideSolutionNode = FALSE
	EndGlobalSection
	GlobalSection(ExtensibilityGlobals) = postSolution
		SolutionGuid = {04E395FC-8FE4-4292-89A6-C3C2BBB6339A}
	EndGlobalSection
EndGlobal
